
Microsoft Visual Studio Solution File, Format Version 12.00
# Visual Studio Version 16
VisualStudioVersion = 16.0.30204.135
MinimumVisualStudioVersion = 10.0.40219.1
Project("{FAE04EC0-301F-11D3-BF4B-00C04F79EFBC}") = "EvenOddResponse", "EvenOddResponse\EvenOddResponse.csproj", "{2EB48DE2-584D-46B3-9CFF-84B07ABA4387}"
EndProject
Global
	GlobalSection(SolutionConfigurationPlatforms) = preSolution
		Debug|Any CPU = Debug|Any CPU
		Release|Any CPU = Release|Any CPU
	EndGlobalSection
	GlobalSection(ProjectConfigurationPlatforms) = postSolution
		{2EB48DE2-584D-46B3-9CFF-84B07ABA4387}.Debug|Any CPU.ActiveCfg = Debug|Any CPU
		{2EB48DE2-584D-46B3-9CFF-84B07ABA4387}.Debug|Any CPU.Build.0 = Debug|Any CPU
		{2EB48DE2-584D-46B3-9CFF-84B07ABA4387}.Release|Any CPU.ActiveCfg = Release|Any CPU
		{2EB48DE2-584D-46B3-9CFF-84B07ABA4387}.Release|Any CPU.Build.0 = Release|Any CPU
	EndGlobalSection
	GlobalSection(SolutionProperties) = preSolution
		HideSolutionNode = FALSE
	EndGlobalSection
	GlobalSection(ExtensibilityGlobals) = postSolution
		SolutionGuid = {D9B3B711-040F-4B3C-82F2-6F30B063EDA4}
	EndGlobalSection
EndGlobal
